
Microsoft Visual Studio Solution File, Format Version 12.00
# Visual Studio Version 17
VisualStudioVersion = 17.4.33213.308
MinimumVisualStudioVersion = 10.0.40219.1
Project("{2150E333-8FDC-42A3-9474-1A3956D46DE8}") = "EntekhabGroup", "EntekhabGroup", "{E864FD63-8E36-4F33-98A2-1BEE0B606D63}"
EndProject
Global
	GlobalSection(SolutionProperties) = preSolution
		HideSolutionNode = FALSE
	EndGlobalSection
	GlobalSection(ExtensibilityGlobals) = postSolution
		SolutionGuid = {C04FDFFC-7FE9-4607-B32C-CE798023A3F4}
	EndGlobalSection
EndGlobal
